
Microsoft Visual Studio Solution File, Format Version 12.00
# Visual Studio Version 16
VisualStudioVersion = 16.0.30907.101
MinimumVisualStudioVersion = 10.0.40219.1
Project("{8BC9CEB8-8B4A-11D0-8D11-00A0C91BC942}") = "hufs_summer_coding_test_practice", "hufs_summer_coding_test_practice\hufs_summer_coding_test_practice.vcxproj", "{814FF07B-172F-4C9A-AEF1-F3E81FB2116B}"
EndProject
Global
	GlobalSection(SolutionConfigurationPlatforms) = preSolution
		Debug|x64 = Debug|x64
		Debug|x86 = Debug|x86
		Release|x64 = Release|x64
		Release|x86 = Release|x86
	EndGlobalSection
	GlobalSection(ProjectConfigurationPlatforms) = postSolution
		{814FF07B-172F-4C9A-AEF1-F3E81FB2116B}.Debug|x64.ActiveCfg = Debug|x64
		{814FF07B-172F-4C9A-AEF1-F3E81FB2116B}.Debug|x64.Build.0 = Debug|x64
		{814FF07B-172F-4C9A-AEF1-F3E81FB2116B}.Debug|x86.ActiveCfg = Debug|Win32
		{814FF07B-172F-4C9A-AEF1-F3E81FB2116B}.Debug|x86.Build.0 = Debug|Win32
		{814FF07B-172F-4C9A-AEF1-F3E81FB2116B}.Release|x64.ActiveCfg = Release|x64
		{814FF07B-172F-4C9A-AEF1-F3E81FB2116B}.Release|x64.Build.0 = Release|x64
		{814FF07B-172F-4C9A-AEF1-F3E81FB2116B}.Release|x86.ActiveCfg = Release|Win32
		{814FF07B-172F-4C9A-AEF1-F3E81FB2116B}.Release|x86.Build.0 = Release|Win32
	EndGlobalSection
	GlobalSection(SolutionProperties) = preSolution
		HideSolutionNode = FALSE
	EndGlobalSection
	GlobalSection(ExtensibilityGlobals) = postSolution
		SolutionGuid = {A680FBC5-5E87-4EC6-AC01-1B16A5BE03D0}
	EndGlobalSection
EndGlobal
